{
  "requires": true,
  "lockfileVersion": 1,
  "dependencies": {
    "@ng-idle/core": {
      "version": "9.0.0-beta.1",
      "resolved": "https://registry.npmjs.org/@ng-idle/core/-/core-9.0.0-beta.1.tgz",
      "integrity": "sha512-gkfpco6zaBiPRyk9Xd1r4vycwLHXqrkNGQOKLgobo79W50Qg2qqhkMOgVmndnyK6XQyQLQNsVESUca8cLNV4nA=="
    },
    "@ng-idle/keepalive": {
      "version": "9.0.0-beta.1",
      "resolved": "https://registry.npmjs.org/@ng-idle/keepalive/-/keepalive-9.0.0-beta.1.tgz",
      "integrity": "sha512-UwRPXTy0r/gozvQBBg/z4wJya1QzD1tlrRtlpc6xCF0YrGrOPebN22pG6p3OEIEG/CD+sNUWt7xPmKKNOL6rEQ=="
    },
    "moment": {
      "version": "2.27.0",
      "resolved": "https://registry.npmjs.org/moment/-/moment-2.27.0.tgz",
      "integrity": "sha512-al0MUK7cpIcglMv3YF13qSgdAIqxHTO7brRtaz3DlSULbqfazqkc5kEjNrLDOM7fsjshoFIihnU8snrP7zUvhQ=="
    },
    "tslib": {
      "version": "1.13.0",
      "resolved": "https://registry.npmjs.org/tslib/-/tslib-1.13.0.tgz",
      "integrity": "sha512-i/6DQjL8Xf3be4K/E6Wgpekn5Qasl1usyw++dAA35Ue5orEn65VIxOA+YvNNl9HV3qv70T7CNwjODHZrLwvd1Q=="
    }
  }
}
